schema: '2.0'
stages:
  Data_ingestion:
    cmd: python src/pipeline/stage_01_data_ingestion_pipeline.py
    deps:
    - path: src/pipeline/stage_01_data_ingestion_pipeline.py
      hash: md5
      md5: 28ac671139cff48de115bdc531380a20
      size: 820
    outs:
    - path: artifacts/data_ingestion/data.csv
      hash: md5
      md5: 7d6e426dd79c0fa051cc7cc94353372d
      size: 28756155
  Data_Transformation:
    cmd: python src/pipeline/stage_02_data_transformation_pipeline.py
    deps:
    - path: artifacts/data_ingestion/data.csv
      hash: md5
      md5: 7d6e426dd79c0fa051cc7cc94353372d
      size: 28756155
    - path: src/pipeline/stage_02_data_transformation_pipeline.py
      hash: md5
      md5: 6f1be4e71439048daef58e4ed693a1cd
      size: 868
    outs:
    - path: artifacts/data_transformation/test.csv
      hash: md5
      md5: d937f9239a4ec49cdfa172e3d4fd06c0
      size: 8735191
    - path: artifacts/data_transformation/train.csv
      hash: md5
      md5: e1c421d369bbf02fef5f42ebd9f3a607
      size: 20381539
  Model_Training:
    cmd: python src/pipeline/stage_03_model_trainer_pipeline.py
    deps:
    - path: artifacts/data_transformation/train.csv
      hash: md5
      md5: e1c421d369bbf02fef5f42ebd9f3a607
      size: 20381539
    - path: params.yaml
      hash: md5
      md5: f4d9bf94b59e33979fa3689231b6cfd9
      size: 263
    - path: src/pipeline/stage_03_model_trainer_pipeline.py
      hash: md5
      md5: 62995289aaa9e65c4d1121a1520c2479
      size: 836
    outs:
    - path: artifacts/model_trainer/model.pkl
      hash: md5
      md5: 5b76dc4a8c4dc1da894e4d9f4c58ceb7
      size: 593477
  Model_evaluation:
    cmd: python src/pipeline/stage_04_model_evaluation_pipeline.py
    deps:
    - path: artifacts/data_transformation/test.csv
      hash: md5
      md5: d937f9239a4ec49cdfa172e3d4fd06c0
      size: 8735191
    - path: artifacts/model_trainer/model.pkl
      hash: md5
      md5: 5b76dc4a8c4dc1da894e4d9f4c58ceb7
      size: 593477
    - path: src/pipeline/stage_04_model_evaluation_pipeline.py
      hash: md5
      md5: 04ce0fad203993c07c9de2aedbc35a13
      size: 802
    outs:
    - path: artifacts/model_evaluation/score.json
      hash: md5
      md5: 32cf8d493c8bdc89b9afc72c1aecc103
      size: 561
